
Microsoft Visual Studio Solution File, Format Version 12.00
# Visual Studio 2013
VisualStudioVersion = 12.0.21005.1
MinimumVisualStudioVersion = 10.0.40219.1
Project("{FAE04EC0-301F-11D3-BF4B-00C04F79EFBC}") = "URC_Server", "URC_Server.csproj", "{D151199A-2452-4F74-ACBD-93A4F877CEA6}"
EndProject
Project("{FAE04EC0-301F-11D3-BF4B-00C04F79EFBC}") = "KeyManager", "KeyManager\KeyManager\KeyManager.csproj", "{B673C6AB-9729-4322-840D-8CDA48EA9BD7}"
EndProject
Global
	GlobalSection(SolutionConfigurationPlatforms) = preSolution
		Debug|Any CPU = Debug|Any CPU
		Debug|x86 = Debug|x86
		Release|Any CPU = Release|Any CPU
		Release|x86 = Release|x86
	EndGlobalSection
	GlobalSection(ProjectConfigurationPlatforms) = postSolution
		{D151199A-2452-4F74-ACBD-93A4F877CEA6}.Debug|Any CPU.ActiveCfg = Debug|Any CPU
		{D151199A-2452-4F74-ACBD-93A4F877CEA6}.Debug|Any CPU.Build.0 = Debug|Any CPU
		{D151199A-2452-4F74-ACBD-93A4F877CEA6}.Debug|x86.ActiveCfg = Debug|Any CPU
		{D151199A-2452-4F74-ACBD-93A4F877CEA6}.Release|Any CPU.ActiveCfg = Release|Any CPU
		{D151199A-2452-4F74-ACBD-93A4F877CEA6}.Release|Any CPU.Build.0 = Release|Any CPU
		{D151199A-2452-4F74-ACBD-93A4F877CEA6}.Release|x86.ActiveCfg = Release|Any CPU
		{B673C6AB-9729-4322-840D-8CDA48EA9BD7}.Debug|Any CPU.ActiveCfg = Debug|Any CPU
		{B673C6AB-9729-4322-840D-8CDA48EA9BD7}.Debug|Any CPU.Build.0 = Debug|Any CPU
		{B673C6AB-9729-4322-840D-8CDA48EA9BD7}.Debug|x86.ActiveCfg = Debug|Any CPU
		{B673C6AB-9729-4322-840D-8CDA48EA9BD7}.Release|Any CPU.ActiveCfg = Release|Any CPU
		{B673C6AB-9729-4322-840D-8CDA48EA9BD7}.Release|Any CPU.Build.0 = Release|Any CPU
		{B673C6AB-9729-4322-840D-8CDA48EA9BD7}.Release|x86.ActiveCfg = Release|Any CPU
	EndGlobalSection
	GlobalSection(SolutionProperties) = preSolution
		HideSolutionNode = FALSE
	EndGlobalSection
EndGlobal
